
Microsoft Visual Studio Solution File, Format Version 12.00
# Visual Studio 15
VisualStudioVersion = 15.0.28307.902
MinimumVisualStudioVersion = 10.0.40219.1
Project("{FAE04EC0-301F-11D3-BF4B-00C04F79EFBC}") = "DataEntityTier", "DataEntityTier\DataEntityTier.csproj", "{16AC5073-BB89-41D6-BAFA-1E9BCED56838}"
EndProject
Project("{FAE04EC0-301F-11D3-BF4B-00C04F79EFBC}") = "DataAccessTier", "DataAccessTier\DataAccessTier.csproj", "{75C95D4B-74AA-4FEC-BAE7-5AF7DA540DAC}"
EndProject
Project("{FAE04EC0-301F-11D3-BF4B-00C04F79EFBC}") = "Project", "Project\Project.csproj", "{D6202EE3-42DE-4472-BE17-B335080F7915}"
EndProject
Project("{FAE04EC0-301F-11D3-BF4B-00C04F79EFBC}") = "Client", "Client\Client.csproj", "{1C1967CB-7168-46EA-8732-2EEA98EB3238}"
	ProjectSection(ProjectDependencies) = postProject
		{D6202EE3-42DE-4472-BE17-B335080F7915} = {D6202EE3-42DE-4472-BE17-B335080F7915}
	EndProjectSection
EndProject
Global
	GlobalSection(SolutionConfigurationPlatforms) = preSolution
		Debug|Any CPU = Debug|Any CPU
		Release|Any CPU = Release|Any CPU
	EndGlobalSection
	GlobalSection(ProjectConfigurationPlatforms) = postSolution
		{16AC5073-BB89-41D6-BAFA-1E9BCED56838}.Debug|Any CPU.ActiveCfg = Debug|Any CPU
		{16AC5073-BB89-41D6-BAFA-1E9BCED56838}.Debug|Any CPU.Build.0 = Debug|Any CPU
		{16AC5073-BB89-41D6-BAFA-1E9BCED56838}.Release|Any CPU.ActiveCfg = Release|Any CPU
		{16AC5073-BB89-41D6-BAFA-1E9BCED56838}.Release|Any CPU.Build.0 = Release|Any CPU
		{75C95D4B-74AA-4FEC-BAE7-5AF7DA540DAC}.Debug|Any CPU.ActiveCfg = Debug|Any CPU
		{75C95D4B-74AA-4FEC-BAE7-5AF7DA540DAC}.Debug|Any CPU.Build.0 = Debug|Any CPU
		{75C95D4B-74AA-4FEC-BAE7-5AF7DA540DAC}.Release|Any CPU.ActiveCfg = Release|Any CPU
		{75C95D4B-74AA-4FEC-BAE7-5AF7DA540DAC}.Release|Any CPU.Build.0 = Release|Any CPU
		{D6202EE3-42DE-4472-BE17-B335080F7915}.Debug|Any CPU.ActiveCfg = Debug|Any CPU
		{D6202EE3-42DE-4472-BE17-B335080F7915}.Debug|Any CPU.Build.0 = Debug|Any CPU
		{D6202EE3-42DE-4472-BE17-B335080F7915}.Release|Any CPU.ActiveCfg = Release|Any CPU
		{D6202EE3-42DE-4472-BE17-B335080F7915}.Release|Any CPU.Build.0 = Release|Any CPU
		{1C1967CB-7168-46EA-8732-2EEA98EB3238}.Debug|Any CPU.ActiveCfg = Debug|Any CPU
		{1C1967CB-7168-46EA-8732-2EEA98EB3238}.Debug|Any CPU.Build.0 = Debug|Any CPU
		{1C1967CB-7168-46EA-8732-2EEA98EB3238}.Release|Any CPU.ActiveCfg = Release|Any CPU
		{1C1967CB-7168-46EA-8732-2EEA98EB3238}.Release|Any CPU.Build.0 = Release|Any CPU
	EndGlobalSection
	GlobalSection(SolutionProperties) = preSolution
		HideSolutionNode = FALSE
	EndGlobalSection
	GlobalSection(ExtensibilityGlobals) = postSolution
		SolutionGuid = {9C02CD70-1872-400F-A0C7-094B6CBFE356}
	EndGlobalSection
EndGlobal
